
Microsoft Visual Studio Solution File, Format Version 12.00
# Visual Studio Version 16
VisualStudioVersion = 16.0.30503.244
MinimumVisualStudioVersion = 10.0.40219.1
Project("{9A19103F-16F7-4668-BE54-9A1E7A4F7556}") = "NewsFPT", "NewsFPT\NewsFPT.csproj", "{FBB93E6A-18BC-4E4C-BF90-F6B61F14BB5E}"
EndProject
Project("{FAE04EC0-301F-11D3-BF4B-00C04F79EFBC}") = "DAL", "DAL\DAL.csproj", "{EDCBBE9F-A842-4BF4-A95A-8CBF0709FC29}"
EndProject
Project("{FAE04EC0-301F-11D3-BF4B-00C04F79EFBC}") = "BLL", "BLL\BLL.csproj", "{3B316F9D-2ADD-4BA1-90DD-51272DF67F9C}"
EndProject
Global
	GlobalSection(SolutionConfigurationPlatforms) = preSolution
		Debug|Any CPU = Debug|Any CPU
		Release|Any CPU = Release|Any CPU
	EndGlobalSection
	GlobalSection(ProjectConfigurationPlatforms) = postSolution
		{FBB93E6A-18BC-4E4C-BF90-F6B61F14BB5E}.Debug|Any CPU.ActiveCfg = Debug|Any CPU
		{FBB93E6A-18BC-4E4C-BF90-F6B61F14BB5E}.Debug|Any CPU.Build.0 = Debug|Any CPU
		{FBB93E6A-18BC-4E4C-BF90-F6B61F14BB5E}.Release|Any CPU.ActiveCfg = Release|Any CPU
		{FBB93E6A-18BC-4E4C-BF90-F6B61F14BB5E}.Release|Any CPU.Build.0 = Release|Any CPU
		{EDCBBE9F-A842-4BF4-A95A-8CBF0709FC29}.Debug|Any CPU.ActiveCfg = Debug|Any CPU
		{EDCBBE9F-A842-4BF4-A95A-8CBF0709FC29}.Debug|Any CPU.Build.0 = Debug|Any CPU
		{EDCBBE9F-A842-4BF4-A95A-8CBF0709FC29}.Release|Any CPU.ActiveCfg = Release|Any CPU
		{EDCBBE9F-A842-4BF4-A95A-8CBF0709FC29}.Release|Any CPU.Build.0 = Release|Any CPU
		{3B316F9D-2ADD-4BA1-90DD-51272DF67F9C}.Debug|Any CPU.ActiveCfg = Debug|Any CPU
		{3B316F9D-2ADD-4BA1-90DD-51272DF67F9C}.Debug|Any CPU.Build.0 = Debug|Any CPU
		{3B316F9D-2ADD-4BA1-90DD-51272DF67F9C}.Release|Any CPU.ActiveCfg = Release|Any CPU
		{3B316F9D-2ADD-4BA1-90DD-51272DF67F9C}.Release|Any CPU.Build.0 = Release|Any CPU
	EndGlobalSection
	GlobalSection(SolutionProperties) = preSolution
		HideSolutionNode = FALSE
	EndGlobalSection
	GlobalSection(ExtensibilityGlobals) = postSolution
		SolutionGuid = {FB620AF3-E258-45EC-B790-D053C3026183}
	EndGlobalSection
EndGlobal
